
Microsoft Visual Studio Solution File, Format Version 12.00
# Visual Studio Version 17
VisualStudioVersion = 17.8.34525.116
MinimumVisualStudioVersion = 10.0.40219.1
Project("{FAE04EC0-301F-11D3-BF4B-00C04F79EFBC}") = "SuperMarketApp", "SuperMarketApp\SuperMarketApp.csproj", "{EAEEC110-FCE3-4635-AE4A-47C7045DF4A8}"
EndProject
Global
	GlobalSection(SolutionConfigurationPlatforms) = preSolution
		Debug|Any CPU = Debug|Any CPU
		Release|Any CPU = Release|Any CPU
	EndGlobalSection
	GlobalSection(ProjectConfigurationPlatforms) = postSolution
		{EAEEC110-FCE3-4635-AE4A-47C7045DF4A8}.Debug|Any CPU.ActiveCfg = Debug|Any CPU
		{EAEEC110-FCE3-4635-AE4A-47C7045DF4A8}.Debug|Any CPU.Build.0 = Debug|Any CPU
		{EAEEC110-FCE3-4635-AE4A-47C7045DF4A8}.Release|Any CPU.ActiveCfg = Release|Any CPU
		{EAEEC110-FCE3-4635-AE4A-47C7045DF4A8}.Release|Any CPU.Build.0 = Release|Any CPU
	EndGlobalSection
	GlobalSection(SolutionProperties) = preSolution
		HideSolutionNode = FALSE
	EndGlobalSection
	GlobalSection(ExtensibilityGlobals) = postSolution
		SolutionGuid = {21EFA970-381E-4DA5-84E1-4F2955CDAAAF}
	EndGlobalSection
EndGlobal
